
Microsoft Visual Studio Solution File, Format Version 12.00
# Visual Studio Version 16
VisualStudioVersion = 16.0.30204.135
MinimumVisualStudioVersion = 10.0.40219.1
Project("{9A19103F-16F7-4668-BE54-9A1E7A4F7556}") = "Samples.Net", "Samples.Net\Samples.Net.csproj", "{515609F2-50F2-40EB-9609-249FEFE04D2D}"
EndProject
Project("{FAE04EC0-301F-11D3-BF4B-00C04F79EFBC}") = "Samples", "Samples\Samples.csproj", "{730DF343-2CE1-4EB3-903A-18A4EFED7D15}"
EndProject
Global
	GlobalSection(SolutionConfigurationPlatforms) = preSolution
		Debug|Any CPU = Debug|Any CPU
		Release|Any CPU = Release|Any CPU
	EndGlobalSection
	GlobalSection(ProjectConfigurationPlatforms) = postSolution
		{515609F2-50F2-40EB-9609-249FEFE04D2D}.Debug|Any CPU.ActiveCfg = Debug|Any CPU
		{515609F2-50F2-40EB-9609-249FEFE04D2D}.Debug|Any CPU.Build.0 = Debug|Any CPU
		{515609F2-50F2-40EB-9609-249FEFE04D2D}.Release|Any CPU.ActiveCfg = Release|Any CPU
		{515609F2-50F2-40EB-9609-249FEFE04D2D}.Release|Any CPU.Build.0 = Release|Any CPU
		{730DF343-2CE1-4EB3-903A-18A4EFED7D15}.Debug|Any CPU.ActiveCfg = Debug|Any CPU
		{730DF343-2CE1-4EB3-903A-18A4EFED7D15}.Debug|Any CPU.Build.0 = Debug|Any CPU
		{730DF343-2CE1-4EB3-903A-18A4EFED7D15}.Release|Any CPU.ActiveCfg = Release|Any CPU
		{730DF343-2CE1-4EB3-903A-18A4EFED7D15}.Release|Any CPU.Build.0 = Release|Any CPU
	EndGlobalSection
	GlobalSection(SolutionProperties) = preSolution
		HideSolutionNode = FALSE
	EndGlobalSection
	GlobalSection(ExtensibilityGlobals) = postSolution
		SolutionGuid = {11C1ED52-CAD3-4A53-83E8-838FCF4ED093}
	EndGlobalSection
EndGlobal
